
Microsoft Visual Studio Solution File, Format Version 12.00
# Visual Studio Version 16
VisualStudioVersion = 16.0.30611.23
MinimumVisualStudioVersion = 10.0.40219.1
Project("{FAE04EC0-301F-11D3-BF4B-00C04F79EFBC}") = "l3.2", "l3.2\l3.2.csproj", "{53975607-31CF-4D70-8FD0-D1599D37E54E}"
EndProject
Global
	GlobalSection(SolutionConfigurationPlatforms) = preSolution
		Debug|Any CPU = Debug|Any CPU
		Release|Any CPU = Release|Any CPU
	EndGlobalSection
	GlobalSection(ProjectConfigurationPlatforms) = postSolution
		{53975607-31CF-4D70-8FD0-D1599D37E54E}.Debug|Any CPU.ActiveCfg = Debug|Any CPU
		{53975607-31CF-4D70-8FD0-D1599D37E54E}.Debug|Any CPU.Build.0 = Debug|Any CPU
		{53975607-31CF-4D70-8FD0-D1599D37E54E}.Release|Any CPU.ActiveCfg = Release|Any CPU
		{53975607-31CF-4D70-8FD0-D1599D37E54E}.Release|Any CPU.Build.0 = Release|Any CPU
	EndGlobalSection
	GlobalSection(SolutionProperties) = preSolution
		HideSolutionNode = FALSE
	EndGlobalSection
	GlobalSection(ExtensibilityGlobals) = postSolution
		SolutionGuid = {F7DDDBCA-8664-4F1B-ABAD-D183EEC96496}
	EndGlobalSection
EndGlobal
